// !$*UTF8*$!
{
	archiveVersion = 1;
	classes = {
	};
	objectVersion = 55;
	objects = {

/* Begin PBXBuildFile section */
		06153B2B27146E4400817C6E /* Screenshot01.png in Resources */ = {isa = PBXBuildFile; fileRef = 06153B2627146E4300817C6E /* Screenshot01.png */; };
		06153B2C27146E4400817C6E /* Screenshot04.png in Resources */ = {isa = PBXBuildFile; fileRef = 06153B2727146E4300817C6E /* Screenshot04.png */; };
		06153B2D27146E4400817C6E /* Screenshot05.png in Resources */ = {isa = PBXBuildFile; fileRef = 06153B2827146E4300817C6E /* Screenshot05.png */; };
		06153B2E27146E4400817C6E /* Screenshot02.png in Resources */ = {isa = PBXBuildFile; fileRef = 06153B2927146E4400817C6E /* Screenshot02.png */; };
		06153B2F27146E4400817C6E /* Screenshot03.png in Resources */ = {isa = PBXBuildFile; fileRef = 06153B2A27146E4400817C6E /* Screenshot03.png */; };
		0629ED4E270EFA6200D90092 /* AppDelegate.swift in Sources */ = {isa = PBXBuildFile; fileRef = 0629ED4D270EFA6200D90092 /* AppDelegate.swift */; };
		0629ED50270EFA6200D90092 /* SceneDelegate.swift in Sources */ = {isa = PBXBuildFile; fileRef = 0629ED4F270EFA6200D90092 /* SceneDelegate.swift */; };
		0629ED52270EFA6200D90092 /* WelcomeViewController.swift in Sources */ = {isa = PBXBuildFile; fileRef = 0629ED51270EFA6200D90092 /* WelcomeViewController.swift */; };
		0629ED55270EFA6200D90092 /* Main.storyboard in Resources */ = {isa = PBXBuildFile; fileRef = 0629ED53270EFA6200D90092 /* Main.storyboard */; };
		0629ED57270EFA6400D90092 /* Assets.xcassets in Resources */ = {isa = PBXBuildFile; fileRef = 0629ED56270EFA6400D90092 /* Assets.xcassets */; };
		0629ED5A270EFA6400D90092 /* LaunchScreen.storyboard in Resources */ = {isa = PBXBuildFile; fileRef = 0629ED58270EFA6400D90092 /* LaunchScreen.storyboard */; };
		0629ED62270F020700D90092 /* QuestionViewController.swift in Sources */ = {isa = PBXBuildFile; fileRef = 0629ED61270F020700D90092 /* QuestionViewController.swift */; };
		0629ED65270F181600D90092 /* ResultsViewController.swift in Sources */ = {isa = PBXBuildFile; fileRef = 0629ED64270F181500D90092 /* ResultsViewController.swift */; };
		0629ED6A270F219E00D90092 /* Question.swift in Sources */ = {isa = PBXBuildFile; fileRef = 0629ED69270F219E00D90092 /* Question.swift */; };
		0629ED6C270F223000D90092 /* ResponseType.swift in Sources */ = {isa = PBXBuildFile; fileRef = 0629ED6B270F223000D90092 /* ResponseType.swift */; };
		0629ED6E270F247600D90092 /* Answer.swift in Sources */ = {isa = PBXBuildFile; fileRef = 0629ED6D270F247600D90092 /* Answer.swift */; };
		0629ED70270F250600D90092 /* AnimalType.swift in Sources */ = {isa = PBXBuildFile; fileRef = 0629ED6F270F250600D90092 /* AnimalType.swift */; };
/* End PBXBuildFile section */

/* Begin PBXFileReference section */
		06153B2627146E4300817C6E /* Screenshot01.png */ = {isa = PBXFileReference; lastKnownFileType = image.png; path = Screenshot01.png; sourceTree = "<group>"; };
		06153B2727146E4300817C6E /* Screenshot04.png */ = {isa = PBXFileReference; lastKnownFileType = image.png; path = Screenshot04.png; sourceTree = "<group>"; };
		06153B2827146E4300817C6E /* Screenshot05.png */ = {isa = PBXFileReference; lastKnownFileType = image.png; path = Screenshot05.png; sourceTree = "<group>"; };
		06153B2927146E4400817C6E /* Screenshot02.png */ = {isa = PBXFileReference; lastKnownFileType = image.png; path = Screenshot02.png; sourceTree = "<group>"; };
		06153B2A27146E4400817C6E /* Screenshot03.png */ = {isa = PBXFileReference; lastKnownFileType = image.png; path = Screenshot03.png; sourceTree = "<group>"; };
		0629ED4A270EFA6200D90092 /* Quiz 2021.app */ = {isa = PBXFileReference; explicitFileType = wrapper.application; includeInIndex = 0; path = "Quiz 2021.app"; sourceTree = BUILT_PRODUCTS_DIR; };
		0629ED4D270EFA6200D90092 /* AppDelegate.swift */ = {isa = PBXFileReference; lastKnownFileType = sourcecode.swift; path = AppDelegate.swift; sourceTree = "<group>"; };
		0629ED4F270EFA6200D90092 /* SceneDelegate.swift */ = {isa = PBXFileReference; lastKnownFileType = sourcecode.swift; path = SceneDelegate.swift; sourceTree = "<group>"; };
		0629ED51270EFA6200D90092 /* WelcomeViewController.swift */ = {isa = PBXFileReference; lastKnownFileType = sourcecode.swift; path = WelcomeViewController.swift; sourceTree = "<group>"; };
		0629ED54270EFA6200D90092 /* Base */ = {isa = PBXFileReference; lastKnownFileType = file.storyboard; name = Base; path = Base.lproj/Main.storyboard; sourceTree = "<group>"; };
		0629ED56270EFA6400D90092 /* Assets.xcassets */ = {isa = PBXFileReference; lastKnownFileType = folder.assetcatalog; path = Assets.xcassets; sourceTree = "<group>"; };
		0629ED59270EFA6400D90092 /* Base */ = {isa = PBXFileReference; lastKnownFileType = file.storyboard; name = Base; path = Base.lproj/LaunchScreen.storyboard; sourceTree = "<group>"; };
		0629ED5B270EFA6400D90092 /* Info.plist */ = {isa = PBXFileReference; lastKnownFileType = text.plist.xml; path = Info.plist; sourceTree = "<group>"; };
		0629ED61270F020700D90092 /* QuestionViewController.swift */ = {isa = PBXFileReference; lastKnownFileType = sourcecode.swift; path = QuestionViewController.swift; sourceTree = "<group>"; };
		0629ED64270F181500D90092 /* ResultsViewController.swift */ = {isa = PBXFileReference; lastKnownFileType = sourcecode.swift; path = ResultsViewController.swift; sourceTree = "<group>"; };
		0629ED69270F219E00D90092 /* Question.swift */ = {isa = PBXFileReference; lastKnownFileType = sourcecode.swift; path = Question.swift; sourceTree = "<group>"; };
		0629ED6B270F223000D90092 /* ResponseType.swift */ = {isa = PBXFileReference; lastKnownFileType = sourcecode.swift; path = ResponseType.swift; sourceTree = "<group>"; };
		0629ED6D270F247600D90092 /* Answer.swift */ = {isa = PBXFileReference; lastKnownFileType = sourcecode.swift; path = Answer.swift; sourceTree = "<group>"; };
		0629ED6F270F250600D90092 /* AnimalType.swift */ = {isa = PBXFileReference; lastKnownFileType = sourcecode.swift; path = AnimalType.swift; sourceTree = "<group>"; };
/* End PBXFileReference section */

/* Begin PBXFrameworksBuildPhase section */
		0629ED47270EFA6200D90092 /* Frameworks */ = {
			isa = PBXFrameworksBuildPhase;
			buildActionMask = 2147483647;
			files = (
			);
			runOnlyForDeploymentPostprocessing = 0;
		};
/* End PBXFrameworksBuildPhase section */

/* Begin PBXGroup section */
		06153B2527146E3400817C6E /* Screenshots */ = {
			isa = PBXGroup;
			children = (
				06153B2627146E4300817C6E /* Screenshot01.png */,
				06153B2927146E4400817C6E /* Screenshot02.png */,
				06153B2A27146E4400817C6E /* Screenshot03.png */,
				06153B2727146E4300817C6E /* Screenshot04.png */,
				06153B2827146E4300817C6E /* Screenshot05.png */,
			);
			path = Screenshots;
			sourceTree = "<group>";
		};
		0629ED41270EFA6200D90092 = {
			isa = PBXGroup;
			children = (
				0629ED4C270EFA6200D90092 /* Quiz 2021 */,
				0629ED4B270EFA6200D90092 /* Products */,
			);
			sourceTree = "<group>";
		};
		0629ED4B270EFA6200D90092 /* Products */ = {
			isa = PBXGroup;
			children = (
				0629ED4A270EFA6200D90092 /* Quiz 2021.app */,
			);
			name = Products;
			sourceTree = "<group>";
		};
		0629ED4C270EFA6200D90092 /* Quiz 2021 */ = {
			isa = PBXGroup;
			children = (
				06153B2527146E3400817C6E /* Screenshots */,
				0629ED68270F1FF000D90092 /* App */,
				0629ED66270F1BF700D90092 /* Models */,
				0629ED67270F1FC600D90092 /* View */,
				0629ED63270F022800D90092 /* View Controllers */,
			);
			path = "Quiz 2021";
			sourceTree = "<group>";
		};
		0629ED63270F022800D90092 /* View Controllers */ = {
			isa = PBXGroup;
			children = (
				0629ED51270EFA6200D90092 /* WelcomeViewController.swift */,
				0629ED61270F020700D90092 /* QuestionViewController.swift */,
				0629ED64270F181500D90092 /* ResultsViewController.swift */,
			);
			path = "View Controllers";
			sourceTree = "<group>";
		};
		0629ED66270F1BF700D90092 /* Models */ = {
			isa = PBXGroup;
			children = (
				0629ED69270F219E00D90092 /* Question.swift */,
				0629ED6B270F223000D90092 /* ResponseType.swift */,
				0629ED6D270F247600D90092 /* Answer.swift */,
				0629ED6F270F250600D90092 /* AnimalType.swift */,
			);
			path = Models;
			sourceTree = "<group>";
		};
		0629ED67270F1FC600D90092 /* View */ = {
			isa = PBXGroup;
			children = (
				0629ED58270EFA6400D90092 /* LaunchScreen.storyboard */,
				0629ED53270EFA6200D90092 /* Main.storyboard */,
			);
			path = View;
			sourceTree = "<group>";
		};
		0629ED68270F1FF000D90092 /* App */ = {
			isa = PBXGroup;
			children = (
				0629ED4F270EFA6200D90092 /* SceneDelegate.swift */,
				0629ED4D270EFA6200D90092 /* AppDelegate.swift */,
				0629ED56270EFA6400D90092 /* Assets.xcassets */,
				0629ED5B270EFA6400D90092 /* Info.plist */,
			);
			path = App;
			sourceTree = "<group>";
		};
/* End PBXGroup section */

/* Begin PBXNativeTarget section */
		0629ED49270EFA6200D90092 /* Quiz 2021 */ = {
			isa = PBXNativeTarget;
			buildConfigurationList = 0629ED5E270EFA6400D90092 /* Build configuration list for PBXNativeTarget "Quiz 2021" */;
			buildPhases = (
				0629ED46270EFA6200D90092 /* Sources */,
				0629ED47270EFA6200D90092 /* Frameworks */,
				0629ED48270EFA6200D90092 /* Resources */,
			);
			buildRules = (
			);
			dependencies = (
			);
			name = "Quiz 2021";
			productName = "Quiz 2021";
			productReference = 0629ED4A270EFA6200D90092 /* Quiz 2021.app */;
			productType = "com.apple.product-type.application";
		};
/* End PBXNativeTarget section */

/* Begin PBXProject section */
		0629ED42270EFA6200D90092 /* Project object */ = {
			isa = PBXProject;
			attributes = {
				BuildIndependentTargetsInParallel = 1;
				LastSwiftUpdateCheck = 1300;
				LastUpgradeCheck = 1300;
				TargetAttributes = {
					0629ED49270EFA6200D90092 = {
						CreatedOnToolsVersion = 13.0;
					};
				};
			};
			buildConfigurationList = 0629ED45270EFA6200D90092 /* Build configuration list for PBXProject "Quiz 2021" */;
			compatibilityVersion = "Xcode 13.0";
			developmentRegion = en;
			hasScannedForEncodings = 0;
			knownRegions = (
				en,
				Base,
			);
			mainGroup = 0629ED41270EFA6200D90092;
			productRefGroup = 0629ED4B270EFA6200D90092 /* Products */;
			projectDirPath = "";
			projectRoot = "";
			targets = (
				0629ED49270EFA6200D90092 /* Quiz 2021 */,
			);
		};
/* End PBXProject section */

/* Begin PBXResourcesBuildPhase section */
		0629ED48270EFA6200D90092 /* Resources */ = {
			isa = PBXResourcesBuildPhase;
			buildActionMask = 2147483647;
			files = (
				0629ED5A270EFA6400D90092 /* LaunchScreen.storyboard in Resources */,
				0629ED57270EFA6400D90092 /* Assets.xcassets in Resources */,
				06153B2D27146E4400817C6E /* Screenshot05.png in Resources */,
				06153B2B27146E4400817C6E /* Screenshot01.png in Resources */,
				06153B2F27146E4400817C6E /* Screenshot03.png in Resources */,
				06153B2E27146E4400817C6E /* Screenshot02.png in Resources */,
				06153B2C27146E4400817C6E /* Screenshot04.png in Resources */,
				0629ED55270EFA6200D90092 /* Main.storyboard in Resources */,
			);
			runOnlyForDeploymentPostprocessing = 0;
		};
/* End PBXResourcesBuildPhase section */

/* Begin PBXSourcesBuildPhase section */
		0629ED46270EFA6200D90092 /* Sources */ = {
			isa = PBXSourcesBuildPhase;
			buildActionMask = 2147483647;
			files = (
				0629ED52270EFA6200D90092 /* WelcomeViewController.swift in Sources */,
				0629ED4E270EFA6200D90092 /* AppDelegate.swift in Sources */,
				0629ED62270F020700D90092 /* QuestionViewController.swift in Sources */,
				0629ED6A270F219E00D90092 /* Question.swift in Sources */,
				0629ED65270F181600D90092 /* ResultsViewController.swift in Sources */,
				0629ED50270EFA6200D90092 /* SceneDelegate.swift in Sources */,
				0629ED6C270F223000D90092 /* ResponseType.swift in Sources */,
				0629ED6E270F247600D90092 /* Answer.swift in Sources */,
				0629ED70270F250600D90092 /* AnimalType.swift in Sources */,
			);
			runOnlyForDeploymentPostprocessing = 0;
		};
/* End PBXSourcesBuildPhase section */

/* Begin PBXVariantGroup section */
		0629ED53270EFA6200D90092 /* Main.storyboard */ = {
			isa = PBXVariantGroup;
			children = (
				0629ED54270EFA6200D90092 /* Base */,
			);
			name = Main.storyboard;
			sourceTree = "<group>";
		};
		0629ED58270EFA6400D90092 /* LaunchScreen.storyboard */ = {
			isa = PBXVariantGroup;
			children = (
				0629ED59270EFA6400D90092 /* Base */,
			);
			name = LaunchScreen.storyboard;
			sourceTree = "<group>";
		};
/* End PBXVariantGroup section */

/* Begin XCBuildConfiguration section */
		0629ED5C270EFA6400D90092 /* Debug */ = {
			isa = XCBuildConfiguration;
			buildSettings = {
				ALWAYS_SEARCH_USER_PATHS = NO;
				CLANG_ANALYZER_NONNULL = YES;
				CLANG_ANALYZER_NUMBER_OBJECT_CONVERSION = YES_AGGRESSIVE;
				CLANG_CXX_LANGUAGE_STANDARD = "gnu++17";
				CLANG_CXX_LIBRARY = "libc++";
				CLANG_ENABLE_MODULES = YES;
				CLANG_ENABLE_OBJC_ARC = YES;
				CLANG_ENABLE_OBJC_WEAK = YES;
				CLANG_WARN_BLOCK_CAPTURE_AUTORELEASING = YES;
				CLANG_WARN_BOOL_CONVERSION = YES;
				CLANG_WARN_COMMA = YES;
				CLANG_WARN_CONSTANT_CONVERSION = YES;
				CLANG_WARN_DEPRECATED_OBJC_IMPLEMENTATIONS = YES;
				CLANG_WARN_DIRECT_OBJC_ISA_USAGE = YES_ERROR;
				CLANG_WARN_DOCUMENTATION_COMMENTS = YES;
				CLANG_WARN_EMPTY_BODY = YES;
				CLANG_WARN_ENUM_CONVERSION = YES;
				CLANG_WARN_INFINITE_RECURSION = YES;
				CLANG_WARN_INT_CONVERSION = YES;
				CLANG_WARN_NON_LITERAL_NULL_CONVERSION = YES;
				CLANG_WARN_OBJC_IMPLICIT_RETAIN_SELF = YES;
				CLANG_WARN_OBJC_LITERAL_CONVERSION = YES;
				CLANG_WARN_OBJC_ROOT_CLASS = YES_ERROR;
				CLANG_WARN_QUOTED_INCLUDE_IN_FRAMEWORK_HEADER = YES;
				CLANG_WARN_RANGE_LOOP_ANALYSIS = YES;
				CLANG_WARN_STRICT_PROTOTYPES = YES;
				CLANG_WARN_SUSPICIOUS_MOVE = YES;
				CLANG_WARN_UNGUARDED_AVAILABILITY = YES_AGGRESSIVE;
				CLANG_WARN_UNREACHABLE_CODE = YES;
				CLANG_WARN__DUPLICATE_METHOD_MATCH = YES;
				COPY_PHASE_STRIP = NO;
				DEBUG_INFORMATION_FORMAT = dwarf;
				ENABLE_STRICT_OBJC_MSGSEND = YES;
				ENABLE_TESTABILITY = YES;
				GCC_C_LANGUAGE_STANDARD = gnu11;
				GCC_DYNAMIC_NO_PIC = NO;
				GCC_NO_COMMON_BLOCKS = YES;
				GCC_OPTIMIZATION_LEVEL = 0;
				GCC_PREPROCESSOR_DEFINITIONS = (
					"DEBUG=1",
					"$(inherited)",
				);
				GCC_WARN_64_TO_32_BIT_CONVERSION = YES;
				GCC_WARN_ABOUT_RETURN_TYPE = YES_ERROR;
				GCC_WARN_UNDECLARED_SELECTOR = YES;
				GCC_WARN_UNINITIALIZED_AUTOS = YES_AGGRESSIVE;
				GCC_WARN_UNUSED_FUNCTION = YES;
				GCC_WARN_UNUSED_VARIABLE = YES;
				IPHONEOS_DEPLOYMENT_TARGET = 15.0;
				MTL_ENABLE_DEBUG_INFO = INCLUDE_SOURCE;
				MTL_FAST_MATH = YES;
				ONLY_ACTIVE_ARCH = YES;
				SDKROOT = iphoneos;
				SWIFT_ACTIVE_COMPILATION_CONDITIONS = DEBUG;
				SWIFT_OPTIMIZATION_LEVEL = "-Onone";
			};
			name = Debug;
		};
		0629ED5D270EFA6400D90092 /* Release */ = {
			isa = XCBuildConfiguration;
			buildSettings = {
				ALWAYS_SEARCH_USER_PATHS = NO;
				CLANG_ANALYZER_NONNULL = YES;
				CLANG_ANALYZER_NUMBER_OBJECT_CONVERSION = YES_AGGRESSIVE;
				CLANG_CXX_LANGUAGE_STANDARD = "gnu++17";
				CLANG_CXX_LIBRARY = "libc++";
				CLANG_ENABLE_MODULES = YES;
				CLANG_ENABLE_OBJC_ARC = YES;
				CLANG_ENABLE_OBJC_WEAK = YES;
				CLANG_WARN_BLOCK_CAPTURE_AUTORELEASING = YES;
				CLANG_WARN_BOOL_CONVERSION = YES;
				CLANG_WARN_COMMA = YES;
				CLANG_WARN_CONSTANT_CONVERSION = YES;
				CLANG_WARN_DEPRECATED_OBJC_IMPLEMENTATIONS = YES;
				CLANG_WARN_DIRECT_OBJC_ISA_USAGE = YES_ERROR;
				CLANG_WARN_DOCUMENTATION_COMMENTS = YES;
				CLANG_WARN_EMPTY_BODY = YES;
				CLANG_WARN_ENUM_CONVERSION = YES;
				CLANG_WARN_INFINITE_RECURSION = YES;
				CLANG_WARN_INT_CONVERSION = YES;
				CLANG_WARN_NON_LITERAL_NULL_CONVERSION = YES;
				CLANG_WARN_OBJC_IMPLICIT_RETAIN_SELF = YES;
				CLANG_WARN_OBJC_LITERAL_CONVERSION = YES;
				CLANG_WARN_OBJC_ROOT_CLASS = YES_ERROR;
				CLANG_WARN_QUOTED_INCLUDE_IN_FRAMEWORK_HEADER = YES;
				CLANG_WARN_RANGE_LOOP_ANALYSIS = YES;
				CLANG_WARN_STRICT_PROTOTYPES = YES;
				CLANG_WARN_SUSPICIOUS_MOVE = YES;
				CLANG_WARN_UNGUARDED_AVAILABILITY = YES_AGGRESSIVE;
				CLANG_WARN_UNREACHABLE_CODE = YES;
				CLANG_WARN__DUPLICATE_METHOD_MATCH = YES;
				COPY_PHASE_STRIP = NO;
				DEBUG_INFORMATION_FORMAT = "dwarf-with-dsym";
				ENABLE_NS_ASSERTIONS = NO;
				ENABLE_STRICT_OBJC_MSGSEND = YES;
				GCC_C_LANGUAGE_STANDARD = gnu11;
				GCC_NO_COMMON_BLOCKS = YES;
				GCC_WARN_64_TO_32_BIT_CONVERSION = YES;
				GCC_WARN_ABOUT_RETURN_TYPE = YES_ERROR;
				GCC_WARN_UNDECLARED_SELECTOR = YES;
				GCC_WARN_UNINITIALIZED_AUTOS = YES_AGGRESSIVE;
				GCC_WARN_UNUSED_FUNCTION = YES;
				GCC_WARN_UNUSED_VARIABLE = YES;
				IPHONEOS_DEPLOYMENT_TARGET = 15.0;
				MTL_ENABLE_DEBUG_INFO = NO;
				MTL_FAST_MATH = YES;
				SDKROOT = iphoneos;
				SWIFT_COMPILATION_MODE = wholemodule;
				SWIFT_OPTIMIZATION_LEVEL = "-O";
				VALIDATE_PRODUCT = YES;
			};
			name = Release;
		};
		0629ED5F270EFA6400D90092 /* Debug */ = {
			isa = XCBuildConfiguration;
			buildSettings = {
				ASSETCATALOG_COMPILER_APPICON_NAME = AppIcon;
				ASSETCATALOG_COMPILER_GLOBAL_ACCENT_COLOR_NAME = AccentColor;
				CODE_SIGN_STYLE = Automatic;
				CURRENT_PROJECT_VERSION = 1;
				DEVELOPMENT_TEAM = R8Z5KNL8KD;
				GENERATE_INFOPLIST_FILE = YES;
				INFOPLIST_FILE = "Quiz 2021/App/Info.plist";
				INFOPLIST_KEY_UIApplicationSupportsIndirectInputEvents = YES;
				INFOPLIST_KEY_UILaunchStoryboardName = LaunchScreen;
				INFOPLIST_KEY_UIMainStoryboardFile = Main;
				INFOPLIST_KEY_UISupportedInterfaceOrientations_iPad = "UIInterfaceOrientationPortrait UIInterfaceOrientationPortraitUpsideDown UIInterfaceOrientationLandscapeLeft UIInterfaceOrientationLandscapeRight";
				INFOPLIST_KEY_UISupportedInterfaceOrientations_iPhone = "UIInterfaceOrientationPortrait UIInterfaceOrientationLandscapeLeft UIInterfaceOrientationLandscapeRight";
				LD_RUNPATH_SEARCH_PATHS = (
					"$(inherited)",
					"@executable_path/Frameworks",
				);
				MARKETING_VERSION = 1.0;
				PRODUCT_BUNDLE_IDENTIFIER = "ru.m-d-a.Quiz-2021";
				PRODUCT_NAME = "$(TARGET_NAME)";
				SWIFT_EMIT_LOC_STRINGS = YES;
				SWIFT_VERSION = 5.0;
				TARGETED_DEVICE_FAMILY = "1,2";
			};
			name = Debug;
		};
		0629ED60270EFA6400D90092 /* Release */ = {
			isa = XCBuildConfiguration;
			buildSettings = {
				ASSETCATALOG_COMPILER_APPICON_NAME = AppIcon;
				ASSETCATALOG_COMPILER_GLOBAL_ACCENT_COLOR_NAME = AccentColor;
				CODE_SIGN_STYLE = Automatic;
				CURRENT_PROJECT_VERSION = 1;
				DEVELOPMENT_TEAM = R8Z5KNL8KD;
				GENERATE_INFOPLIST_FILE = YES;
				INFOPLIST_FILE = "Quiz 2021/App/Info.plist";
				INFOPLIST_KEY_UIApplicationSupportsIndirectInputEvents = YES;
				INFOPLIST_KEY_UILaunchStoryboardName = LaunchScreen;
				INFOPLIST_KEY_UIMainStoryboardFile = Main;
				INFOPLIST_KEY_UISupportedInterfaceOrientations_iPad = "UIInterfaceOrientationPortrait UIInterfaceOrientationPortraitUpsideDown UIInterfaceOrientationLandscapeLeft UIInterfaceOrientationLandscapeRight";
				INFOPLIST_KEY_UISupportedInterfaceOrientations_iPhone = "UIInterfaceOrientationPortrait UIInterfaceOrientationLandscapeLeft UIInterfaceOrientationLandscapeRight";
				LD_RUNPATH_SEARCH_PATHS = (
					"$(inherited)",
					"@executable_path/Frameworks",
				);
				MARKETING_VERSION = 1.0;
				PRODUCT_BUNDLE_IDENTIFIER = "ru.m-d-a.Quiz-2021";
				PRODUCT_NAME = "$(TARGET_NAME)";
				SWIFT_EMIT_LOC_STRINGS = YES;
				SWIFT_VERSION = 5.0;
				TARGETED_DEVICE_FAMILY = "1,2";
			};
			name = Release;
		};
/* End XCBuildConfiguration section */

/* Begin XCConfigurationList section */
		0629ED45270EFA6200D90092 /* Build configuration list for PBXProject "Quiz 2021" */ = {
			isa = XCConfigurationList;
			buildConfigurations = (
				0629ED5C270EFA6400D90092 /* Debug */,
				0629ED5D270EFA6400D90092 /* Release */,
			);
			defaultConfigurationIsVisible = 0;
			defaultConfigurationName = Release;
		};
		0629ED5E270EFA6400D90092 /* Build configuration list for PBXNativeTarget "Quiz 2021" */ = {
			isa = XCConfigurationList;
			buildConfigurations = (
				0629ED5F270EFA6400D90092 /* Debug */,
				0629ED60270EFA6400D90092 /* Release */,
			);
			defaultConfigurationIsVisible = 0;
			defaultConfigurationName = Release;
		};
/* End XCConfigurationList section */
	};
	rootObject = 0629ED42270EFA6200D90092 /* Project object */;
}
